
Microsoft Visual Studio Solution File, Format Version 12.00
# Visual Studio Version 16
VisualStudioVersion = 16.0.31605.320
MinimumVisualStudioVersion = 10.0.40219.1
Project("{FAE04EC0-301F-11D3-BF4B-00C04F79EFBC}") = "WPFCodeCreator", "WPFCodeCreator\WPFCodeCreator.csproj", "{D257F8A1-E87F-4DC8-A1B3-7422EEC407D4}"
EndProject
Project("{9A19103F-16F7-4668-BE54-9A1E7A4F7556}") = "MVVMCore", "MVVMCore\MVVMCore.csproj", "{B99537ED-550E-4B27-A1E9-DAEEF2FAE2C9}"
EndProject
Global
	GlobalSection(SolutionConfigurationPlatforms) = preSolution
		Debug|Any CPU = Debug|Any CPU
		Release|Any CPU = Release|Any CPU
	EndGlobalSection
	GlobalSection(ProjectConfigurationPlatforms) = postSolution
		{D257F8A1-E87F-4DC8-A1B3-7422EEC407D4}.Debug|Any CPU.ActiveCfg = Debug|Any CPU
		{D257F8A1-E87F-4DC8-A1B3-7422EEC407D4}.Debug|Any CPU.Build.0 = Debug|Any CPU
		{D257F8A1-E87F-4DC8-A1B3-7422EEC407D4}.Release|Any CPU.ActiveCfg = Release|Any CPU
		{D257F8A1-E87F-4DC8-A1B3-7422EEC407D4}.Release|Any CPU.Build.0 = Release|Any CPU
		{B99537ED-550E-4B27-A1E9-DAEEF2FAE2C9}.Debug|Any CPU.ActiveCfg = Debug|Any CPU
		{B99537ED-550E-4B27-A1E9-DAEEF2FAE2C9}.Debug|Any CPU.Build.0 = Debug|Any CPU
		{B99537ED-550E-4B27-A1E9-DAEEF2FAE2C9}.Release|Any CPU.ActiveCfg = Release|Any CPU
		{B99537ED-550E-4B27-A1E9-DAEEF2FAE2C9}.Release|Any CPU.Build.0 = Release|Any CPU
	EndGlobalSection
	GlobalSection(SolutionProperties) = preSolution
		HideSolutionNode = FALSE
	EndGlobalSection
	GlobalSection(ExtensibilityGlobals) = postSolution
		SolutionGuid = {9D065E1E-2644-4AB1-8D60-32AEFBD55128}
	EndGlobalSection
EndGlobal
